
Microsoft Visual Studio Solution File, Format Version 12.00
# Visual Studio Version 17
VisualStudioVersion = 17.2.32526.322
MinimumVisualStudioVersion = 10.0.40219.1
Project("{9A19103F-16F7-4668-BE54-9A1E7A4F7556}") = "TWKVideoTools", "TWKVideoTools.csproj", "{18263E16-B39B-46B6-82CE-663FC45C1C41}"
EndProject
Global
	GlobalSection(SolutionConfigurationPlatforms) = preSolution
		Debug|Any CPU = Debug|Any CPU
		Release|Any CPU = Release|Any CPU
	EndGlobalSection
	GlobalSection(ProjectConfigurationPlatforms) = postSolution
		{18263E16-B39B-46B6-82CE-663FC45C1C41}.Debug|Any CPU.ActiveCfg = Debug|Any CPU
		{18263E16-B39B-46B6-82CE-663FC45C1C41}.Debug|Any CPU.Build.0 = Debug|Any CPU
		{18263E16-B39B-46B6-82CE-663FC45C1C41}.Release|Any CPU.ActiveCfg = Release|Any CPU
		{18263E16-B39B-46B6-82CE-663FC45C1C41}.Release|Any CPU.Build.0 = Release|Any CPU
	EndGlobalSection
	GlobalSection(SolutionProperties) = preSolution
		HideSolutionNode = FALSE
	EndGlobalSection
	GlobalSection(ExtensibilityGlobals) = postSolution
		SolutionGuid = {344822DF-7E2F-4CFF-9099-41BEF97D1597}
	EndGlobalSection
EndGlobal
